
Microsoft Visual Studio Solution File, Format Version 12.00
# Visual Studio Version 16
VisualStudioVersion = 16.0.31005.135
MinimumVisualStudioVersion = 10.0.40219.1
Project("{FAE04EC0-301F-11D3-BF4B-00C04F79EFBC}") = "RegistrationForm", "RegistrationForm\RegistrationForm.csproj", "{6B23BC0B-3442-4447-8D52-D2411F53EB03}"
EndProject
Global
	GlobalSection(SolutionConfigurationPlatforms) = preSolution
		Debug|Any CPU = Debug|Any CPU
		Release|Any CPU = Release|Any CPU
	EndGlobalSection
	GlobalSection(ProjectConfigurationPlatforms) = postSolution
		{6B23BC0B-3442-4447-8D52-D2411F53EB03}.Debug|Any CPU.ActiveCfg = Debug|Any CPU
		{6B23BC0B-3442-4447-8D52-D2411F53EB03}.Debug|Any CPU.Build.0 = Debug|Any CPU
		{6B23BC0B-3442-4447-8D52-D2411F53EB03}.Release|Any CPU.ActiveCfg = Release|Any CPU
		{6B23BC0B-3442-4447-8D52-D2411F53EB03}.Release|Any CPU.Build.0 = Release|Any CPU
	EndGlobalSection
	GlobalSection(SolutionProperties) = preSolution
		HideSolutionNode = FALSE
	EndGlobalSection
	GlobalSection(ExtensibilityGlobals) = postSolution
		SolutionGuid = {40E91418-DC97-4CB3-81B3-884B4C174881}
	EndGlobalSection
EndGlobal
